
Microsoft Visual Studio Solution File, Format Version 12.00
# Visual Studio Version 17
VisualStudioVersion = 17.5.002.0
MinimumVisualStudioVersion = 10.0.40219.1
Project("{2150E333-8FDC-42A3-9474-1A3956D46DE8}") = "2023", "2023", "{E92FEA13-8A73-4982-9C8F-3B46C11E3604}"
EndProject
Project("{9A19103F-16F7-4668-BE54-9A1E7A4F7556}") = "AoCcsharp", "2023\AoCcsharp\AoCcsharp.csproj", "{610D6D89-3DA6-405F-9C44-7B5C8AE1746A}"
EndProject
Global
	GlobalSection(SolutionConfigurationPlatforms) = preSolution
		Debug|Any CPU = Debug|Any CPU
		Release|Any CPU = Release|Any CPU
	EndGlobalSection
	GlobalSection(ProjectConfigurationPlatforms) = postSolution
		{610D6D89-3DA6-405F-9C44-7B5C8AE1746A}.Debug|Any CPU.ActiveCfg = Debug|Any CPU
		{610D6D89-3DA6-405F-9C44-7B5C8AE1746A}.Debug|Any CPU.Build.0 = Debug|Any CPU
		{610D6D89-3DA6-405F-9C44-7B5C8AE1746A}.Release|Any CPU.ActiveCfg = Release|Any CPU
		{610D6D89-3DA6-405F-9C44-7B5C8AE1746A}.Release|Any CPU.Build.0 = Release|Any CPU
	EndGlobalSection
	GlobalSection(SolutionProperties) = preSolution
		HideSolutionNode = FALSE
	EndGlobalSection
	GlobalSection(NestedProjects) = preSolution
		{610D6D89-3DA6-405F-9C44-7B5C8AE1746A} = {E92FEA13-8A73-4982-9C8F-3B46C11E3604}
	EndGlobalSection
	GlobalSection(ExtensibilityGlobals) = postSolution
		SolutionGuid = {43DA86DD-C77C-45C3-B85F-B0709703179F}
	EndGlobalSection
EndGlobal
